
Microsoft Visual Studio Solution File, Format Version 12.00
# Visual Studio Version 17
VisualStudioVersion = 17.0.32112.339
MinimumVisualStudioVersion = 10.0.40219.1
Project("{FAE04EC0-301F-11D3-BF4B-00C04F79EFBC}") = "GuestBook", "GuestBook\GuestBook.csproj", "{C6152D65-57CB-4A6E-A237-C852AD4C090F}"
EndProject
Global
	GlobalSection(SolutionConfigurationPlatforms) = preSolution
		Debug|Any CPU = Debug|Any CPU
		Release|Any CPU = Release|Any CPU
	EndGlobalSection
	GlobalSection(ProjectConfigurationPlatforms) = postSolution
		{C6152D65-57CB-4A6E-A237-C852AD4C090F}.Debug|Any CPU.ActiveCfg = Debug|Any CPU
		{C6152D65-57CB-4A6E-A237-C852AD4C090F}.Debug|Any CPU.Build.0 = Debug|Any CPU
		{C6152D65-57CB-4A6E-A237-C852AD4C090F}.Release|Any CPU.ActiveCfg = Release|Any CPU
		{C6152D65-57CB-4A6E-A237-C852AD4C090F}.Release|Any CPU.Build.0 = Release|Any CPU
	EndGlobalSection
	GlobalSection(SolutionProperties) = preSolution
		HideSolutionNode = FALSE
	EndGlobalSection
	GlobalSection(ExtensibilityGlobals) = postSolution
		SolutionGuid = {2846CA5E-81E4-42C5-976D-8F1F3A51E36B}
	EndGlobalSection
EndGlobal
